
Microsoft Visual Studio Solution File, Format Version 12.00
# Visual Studio 15
VisualStudioVersion = 15.0.26228.4
MinimumVisualStudioVersion = 10.0.40219.1
Project("{9A19103F-16F7-4668-BE54-9A1E7A4F7556}") = "Common.Entities", "src\Common.Entities\Common.Entities.csproj", "{4EA8E4E7-B097-4CF3-A85C-11C16504397A}"
EndProject
Project("{9A19103F-16F7-4668-BE54-9A1E7A4F7556}") = "Common.Database", "src\Common.Database\Common.Database.csproj", "{B3D4A07F-5991-44F4-A0D1-E09592D79739}"
EndProject
Project("{9A19103F-16F7-4668-BE54-9A1E7A4F7556}") = "Common.Web", "src\Common.Web\Common.Web.csproj", "{56E95D91-AC7A-486E-AAA3-F391A4FE9AB6}"
EndProject
Project("{9A19103F-16F7-4668-BE54-9A1E7A4F7556}") = "Common.Utilities", "src\Common.Utilities\Common.Utilities.csproj", "{BD5C0DBE-8FD8-44BD-BB1E-A2DB461F0A70}"
EndProject
Global
	GlobalSection(SolutionConfigurationPlatforms) = preSolution
		Debug|Any CPU = Debug|Any CPU
		Release|Any CPU = Release|Any CPU
	EndGlobalSection
	GlobalSection(ProjectConfigurationPlatforms) = postSolution
		{4EA8E4E7-B097-4CF3-A85C-11C16504397A}.Debug|Any CPU.ActiveCfg = Debug|Any CPU
		{4EA8E4E7-B097-4CF3-A85C-11C16504397A}.Debug|Any CPU.Build.0 = Debug|Any CPU
		{4EA8E4E7-B097-4CF3-A85C-11C16504397A}.Release|Any CPU.ActiveCfg = Release|Any CPU
		{4EA8E4E7-B097-4CF3-A85C-11C16504397A}.Release|Any CPU.Build.0 = Release|Any CPU
		{B3D4A07F-5991-44F4-A0D1-E09592D79739}.Debug|Any CPU.ActiveCfg = Debug|Any CPU
		{B3D4A07F-5991-44F4-A0D1-E09592D79739}.Debug|Any CPU.Build.0 = Debug|Any CPU
		{B3D4A07F-5991-44F4-A0D1-E09592D79739}.Release|Any CPU.ActiveCfg = Release|Any CPU
		{B3D4A07F-5991-44F4-A0D1-E09592D79739}.Release|Any CPU.Build.0 = Release|Any CPU
		{56E95D91-AC7A-486E-AAA3-F391A4FE9AB6}.Debug|Any CPU.ActiveCfg = Debug|Any CPU
		{56E95D91-AC7A-486E-AAA3-F391A4FE9AB6}.Debug|Any CPU.Build.0 = Debug|Any CPU
		{56E95D91-AC7A-486E-AAA3-F391A4FE9AB6}.Release|Any CPU.ActiveCfg = Release|Any CPU
		{56E95D91-AC7A-486E-AAA3-F391A4FE9AB6}.Release|Any CPU.Build.0 = Release|Any CPU
		{BD5C0DBE-8FD8-44BD-BB1E-A2DB461F0A70}.Debug|Any CPU.ActiveCfg = Debug|Any CPU
		{BD5C0DBE-8FD8-44BD-BB1E-A2DB461F0A70}.Debug|Any CPU.Build.0 = Debug|Any CPU
		{BD5C0DBE-8FD8-44BD-BB1E-A2DB461F0A70}.Release|Any CPU.ActiveCfg = Release|Any CPU
		{BD5C0DBE-8FD8-44BD-BB1E-A2DB461F0A70}.Release|Any CPU.Build.0 = Release|Any CPU
	EndGlobalSection
	GlobalSection(SolutionProperties) = preSolution
		HideSolutionNode = FALSE
	EndGlobalSection
	GlobalSection(TeamFoundationVersionControl) = preSolution
		SccNumberOfProjects = 5
		SccEnterpriseProvider = {4CA58AB2-18FA-4F8D-95D4-32DDF27D184C}
		SccTeamFoundationServer = https://enginkirmaci.visualstudio.com/
		SccLocalPath0 = .
		SccProjectUniqueName1 = src\\Common.Database\\Common.Database.csproj
		SccLocalPath1 = .
		SccProjectFilePathRelativizedFromConnection1 = src\\Common.Database\\
		SccProjectUniqueName2 = src\\Common.Entities\\Common.Entities.csproj
		SccLocalPath2 = .
		SccProjectFilePathRelativizedFromConnection2 = src\\Common.Entities\\
		SccProjectUniqueName3 = src\\Common.Utilities\\Common.Utilities.csproj
		SccLocalPath3 = .
		SccProjectFilePathRelativizedFromConnection3 = src\\Common.Utilities\\
		SccProjectUniqueName4 = src\\Common.Web\\Common.Web.csproj
		SccLocalPath4 = .
		SccProjectFilePathRelativizedFromConnection4 = src\\Common.Web\\
	EndGlobalSection
EndGlobal
